{
  "name": "outlinevpn-api",
  "version": "1.10.0",
  "lockfileVersion": 2,
  "requires": true,
  "packages": {
    "": {
      "name": "outlinevpn-api",
      "version": "1.10.0",
      "license": "MIT",
      "devDependencies": {
        "@types/node": "^18.7.13",
        "typescript": "^4.6.2"
      }
    },
    "node_modules/@types/node": {
      "version": "18.7.13",
      "resolved": "https://registry.npmjs.org/@types/node/-/node-18.7.13.tgz",
      "integrity": "sha512-46yIhxSe5xEaJZXWdIBP7GU4HDTG8/eo0qd9atdiL+lFpA03y8KS+lkTN834TWJj5767GbWv4n/P6efyTFt1Dw==",
      "dev": true
    },
    "node_modules/typescript": {
      "version": "4.6.2",
      "resolved": "https://registry.npmjs.org/typescript/-/typescript-4.6.2.tgz",
      "integrity": "sha512-HM/hFigTBHZhLXshn9sN37H085+hQGeJHJ/X7LpBWLID/fbc2acUMfU+lGD98X81sKP+pFa9f0DZmCwB9GnbAg==",
      "dev": true,
      "bin": {
        "tsc": "bin/tsc",
        "tsserver": "bin/tsserver"
      },
      "engines": {
        "node": ">=4.2.0"
      }
    }
  },
  "dependencies": {
    "@types/node": {
      "version": "18.7.13",
      "resolved": "https://registry.npmjs.org/@types/node/-/node-18.7.13.tgz",
      "integrity": "sha512-46yIhxSe5xEaJZXWdIBP7GU4HDTG8/eo0qd9atdiL+lFpA03y8KS+lkTN834TWJj5767GbWv4n/P6efyTFt1Dw==",
      "dev": true
    },
    "typescript": {
      "version": "4.6.2",
      "resolved": "https://registry.npmjs.org/typescript/-/typescript-4.6.2.tgz",
      "integrity": "sha512-HM/hFigTBHZhLXshn9sN37H085+hQGeJHJ/X7LpBWLID/fbc2acUMfU+lGD98X81sKP+pFa9f0DZmCwB9GnbAg==",
      "dev": true
    }
  }
}
